
Microsoft Visual Studio Solution File, Format Version 12.00
# Visual Studio 15
VisualStudioVersion = 15.0.28306.52
MinimumVisualStudioVersion = 10.0.40219.1
Project("{FAE04EC0-301F-11D3-BF4B-00C04F79EFBC}") = "AppCrud", "AppCrud\AppCrud.csproj", "{09072607-5F29-4FAA-94CB-D5E1E425E7F1}"
EndProject
Global
	GlobalSection(SolutionConfigurationPlatforms) = preSolution
		Debug|Any CPU = Debug|Any CPU
		Release|Any CPU = Release|Any CPU
	EndGlobalSection
	GlobalSection(ProjectConfigurationPlatforms) = postSolution
		{09072607-5F29-4FAA-94CB-D5E1E425E7F1}.Debug|Any CPU.ActiveCfg = Debug|Any CPU
		{09072607-5F29-4FAA-94CB-D5E1E425E7F1}.Debug|Any CPU.Build.0 = Debug|Any CPU
		{09072607-5F29-4FAA-94CB-D5E1E425E7F1}.Release|Any CPU.ActiveCfg = Release|Any CPU
		{09072607-5F29-4FAA-94CB-D5E1E425E7F1}.Release|Any CPU.Build.0 = Release|Any CPU
	EndGlobalSection
	GlobalSection(SolutionProperties) = preSolution
		HideSolutionNode = FALSE
	EndGlobalSection
	GlobalSection(ExtensibilityGlobals) = postSolution
		SolutionGuid = {80493CD8-BA21-4834-A6CE-82F3838D29B4}
	EndGlobalSection
EndGlobal
